PODS:
  - AFNetworking (3.1.0):
    - AFNetworking/NSURLSession (= 3.1.0)
    - AFNetworking/Reachability (= 3.1.0)
    - AFNetworking/Security (= 3.1.0)
    - AFNetworking/Serialization (= 3.1.0)
    - AFNetworking/UIKit (= 3.1.0)
  - AFNetworking/NSURLSession (3.1.0):
    - AFNetworking/Reachability
    - AFNetworking/Security
    - AFNetworking/Serialization
  - AFNetworking/Reachability (3.1.0)
  - AFNetworking/Security (3.1.0)
  - AFNetworking/Serialization (3.1.0)
  - AFNetworking/UIKit (3.1.0):
    - AFNetworking/NSURLSession
  - DZNEmptyDataSet (1.8)
  - FMDB (2.6.2):
    - FMDB/standard (= 2.6.2)
  - FMDB/standard (2.6.2)
  - LKDBHelper (2.2.1):
    - FMDB
  - Masonry (1.0.0)
  - MGSwipeTableCell (1.5.5)
  - MJExtension (3.0.10)
  - MJRefresh (3.1.0)
  - pop (1.0.9)
  - SDCycleScrollView (1.64):
    - SDWebImage (~> 3.7)
  - SDWebImage (3.7.6):
    - SDWebImage/Core (= 3.7.6)
  - SDWebImage/Core (3.7.6)
  - UITableView+FDTemplateLayoutCell (1.4)

DEPENDENCIES:
  - AFNetworking
  - DZNEmptyDataSet
  - FMDB
  - LKDBHelper
  - Masonry
  - MGSwipeTableCell
  - MJExtension
  - MJRefresh
  - pop
  - SDCycleScrollView
  - SDWebImage
  - UITableView+FDTemplateLayoutCell

SPEC CHECKSUMS:
  AFNetworking: 5e0e199f73d8626b11e79750991f5d173d1f8b67
  DZNEmptyDataSet: d2351b2e8daefa40433ef292e246e21f6be31a7b
  FMDB: 854a0341b4726e53276f2a8996f06f1b80f9259a
  LKDBHelper: a8d2ac92cde1f462a3314ab5e2629a527eb0cc54
  Masonry: b529bb169217897b6354d4b56b1fada6d475b13d
  MGSwipeTableCell: bafeb5f351124544c9364ecbdf24c7b06a37d340
  MJExtension: d86aacb740c87519d20e3cca55b6fa4be6cc7548
  MJRefresh: 743e6404967d1c2c688472ea3ecfde247d872db4
  pop: f667631a5108a2e60d9e8797c9b32ddaf2080bce
  SDCycleScrollView: 806fedb9342ab03b58b84442f985517b42c7cbb7
  SDWebImage: c325cf02c30337336b95beff20a13df489ec0ec9
  UITableView+FDTemplateLayoutCell: 234e1582bcc4e18461af91155123bb96538ed030

COCOAPODS: 0.39.0
